lockfileVersion: '9.0'

settings:
  autoInstallPeers: true
  excludeLinksFromLockfile: false

importers:
  .: {}
  apps/api:
    dependencies:
      '@nestjs/common':
        specifier: ^10.4.4
      '@nestjs/config':
        specifier: ^3.2.3
      '@nestjs/core':
        specifier: ^10.4.4
      '@nestjs/platform-express':
        specifier: ^10.4.4
      '@prisma/client':
        specifier: ^5.20.0
      argon2:
        specifier: ^0.41.1
      class-transformer:
        specifier: ^0.5.1
      class-validator:
        specifier: ^0.14.1
      cookie-parser:
        specifier: ^1.4.7
      reflect-metadata:
        specifier: ^0.2.2
      rxjs:
        specifier: ^7.8.1
    devDependencies:
      '@nestjs/cli':
        specifier: ^10.4.5
      '@nestjs/schematics':
        specifier: ^10.1.4
      '@nestjs/testing':
        specifier: ^10.4.4
      '@testing-library/dom':
        specifier: ^10.4.0
      '@testing-library/jest-dom':
        specifier: ^6.5.0
      '@testing-library/react':
        specifier: ^16.0.1
      '@types/cookie-parser':
        specifier: ^1.4.7
      '@types/express':
        specifier: ^4.17.21
      '@types/jest':
        specifier: ^29.5.13
      '@types/node':
        specifier: ^22.7.4
      '@types/supertest':
        specifier: ^6.0.2
      jest:
        specifier: ^29.7.0
      jest-environment-jsdom:
        specifier: ^29.7.0
      prisma:
        specifier: ^5.20.0
      supertest:
        specifier: ^7.0.1
      ts-jest:
        specifier: ^29.2.5
      ts-node:
        specifier: ^10.9.2
      typescript:
        specifier: ^5.6.2
